// !$*UTF8*$!
{
	archiveVersion = 1;
	classes = {
	};
	objectVersion = 46;
	objects = {

/* Begin PBXBuildFile section */
		37C4056E1EE79A5F00D3BA92 /* main.m in Sources */ = {isa = PBXBuildFile; fileRef = 37C4056D1EE79A5F00D3BA92 /* main.m */; };
		37C405711EE79A5F00D3BA92 /* AppDelegate.m in Sources */ = {isa = PBXBuildFile; fileRef = 37C405701EE79A5F00D3BA92 /* AppDelegate.m */; };
		37C405741EE79A5F00D3BA92 /* ViewController.m in Sources */ = {isa = PBXBuildFile; fileRef = 37C405731EE79A5F00D3BA92 /* ViewController.m */; };
		37C405771EE79A6000D3BA92 /* Main.storyboard in Resources */ = {isa = PBXBuildFile; fileRef = 37C405751EE79A6000D3BA92 /* Main.storyboard */; };
		37C405791EE79A6000D3BA92 /* Assets.xcassets in Resources */ = {isa = PBXBuildFile; fileRef = 37C405781EE79A6000D3BA92 /* Assets.xcassets */; };
		37C4057C1EE79A6000D3BA92 /* LaunchScreen.storyboard in Resources */ = {isa = PBXBuildFile; fileRef = 37C4057A1EE79A6000D3BA92 /* LaunchScreen.storyboard */; };
		37C4058D1EE7A70200D3BA92 /* AnimationCircleController.m in Sources */ = {isa = PBXBuildFile; fileRef = 37C4058B1EE7A70200D3BA92 /* AnimationCircleController.m */; };
		37C4058E1EE7A70200D3BA92 /* AnimationCircleController.xib in Resources */ = {isa = PBXBuildFile; fileRef = 37C4058C1EE7A70200D3BA92 /* AnimationCircleController.xib */; };
		37C405971EE80BAA00D3BA92 /* CircleView.m in Sources */ = {isa = PBXBuildFile; fileRef = 37C405961EE80BAA00D3BA92 /* CircleView.m */; };
		37C4059A1EE80DBF00D3BA92 /* CircleLayer.m in Sources */ = {isa = PBXBuildFile; fileRef = 37C405991EE80DBF00D3BA92 /* CircleLayer.m */; };
		8412180C1EED20740063ABBA /* QQCuteViewController.m in Sources */ = {isa = PBXBuildFile; fileRef = 8412180B1EED20740063ABBA /* QQCuteViewController.m */; };
		8412180F1EED20AF0063ABBA /* QQCuteView.m in Sources */ = {isa = PBXBuildFile; fileRef = 8412180E1EED20AF0063ABBA /* QQCuteView.m */; };
		84760E741EEBC9B000C86967 /* GooeySlideMenuController.m in Sources */ = {isa = PBXBuildFile; fileRef = 84760E721EEBC9B000C86967 /* GooeySlideMenuController.m */; };
		84760E751EEBC9B000C86967 /* GooeySlideMenuController.xib in Resources */ = {isa = PBXBuildFile; fileRef = 84760E731EEBC9B000C86967 /* GooeySlideMenuController.xib */; };
		84760E781EEBCC7C00C86967 /* GooeySlideMenu.m in Sources */ = {isa = PBXBuildFile; fileRef = 84760E771EEBCC7C00C86967 /* GooeySlideMenu.m */; };
		84760E7B1EEBCC9800C86967 /* SlideMenuButton.m in Sources */ = {isa = PBXBuildFile; fileRef = 84760E7A1EEBCC9800C86967 /* SlideMenuButton.m */; };
		8478ACBA1EF171ED008C2719 /* LaunchFlashController.m in Sources */ = {isa = PBXBuildFile; fileRef = 8478ACB81EF171ED008C2719 /* LaunchFlashController.m */; };
		8478ACBB1EF171ED008C2719 /* LaunchFlashController.xib in Resources */ = {isa = PBXBuildFile; fileRef = 8478ACB91EF171ED008C2719 /* LaunchFlashController.xib */; };
/* End PBXBuildFile section */

/* Begin PBXFileReference section */
		37C405691EE79A5F00D3BA92 /* Animation.app */ = {isa = PBXFileReference; explicitFileType = wrapper.application; includeInIndex = 0; path = Animation.app; sourceTree = BUILT_PRODUCTS_DIR; };
		37C4056D1EE79A5F00D3BA92 /* main.m */ = {isa = PBXFileReference; lastKnownFileType = sourcecode.c.objc; path = main.m; sourceTree = "<group>"; };
		37C4056F1EE79A5F00D3BA92 /* AppDelegate.h */ = {isa = PBXFileReference; lastKnownFileType = sourcecode.c.h; path = AppDelegate.h; sourceTree = "<group>"; };
		37C405701EE79A5F00D3BA92 /* AppDelegate.m */ = {isa = PBXFileReference; lastKnownFileType = sourcecode.c.objc; path = AppDelegate.m; sourceTree = "<group>"; };
		37C405721EE79A5F00D3BA92 /* ViewController.h */ = {isa = PBXFileReference; lastKnownFileType = sourcecode.c.h; path = ViewController.h; sourceTree = "<group>"; };
		37C405731EE79A5F00D3BA92 /* ViewController.m */ = {isa = PBXFileReference; lastKnownFileType = sourcecode.c.objc; path = ViewController.m; sourceTree = "<group>"; };
		37C405761EE79A6000D3BA92 /* Base */ = {isa = PBXFileReference; lastKnownFileType = file.storyboard; name = Base; path = Base.lproj/Main.storyboard; sourceTree = "<group>"; };
		37C405781EE79A6000D3BA92 /* Assets.xcassets */ = {isa = PBXFileReference; lastKnownFileType = folder.assetcatalog; path = Assets.xcassets; sourceTree = "<group>"; };
		37C4057B1EE79A6000D3BA92 /* Base */ = {isa = PBXFileReference; lastKnownFileType = file.storyboard; name = Base; path = Base.lproj/LaunchScreen.storyboard; sourceTree = "<group>"; };
		37C4057D1EE79A6000D3BA92 /* Info.plist */ = {isa = PBXFileReference; lastKnownFileType = text.plist.xml; path = Info.plist; sourceTree = "<group>"; };
		37C4058A1EE7A70200D3BA92 /* AnimationCircleController.h */ = {isa = PBXFileReference; fileEncoding = 4; lastKnownFileType = sourcecode.c.h; path = AnimationCircleController.h; sourceTree = "<group>"; };
		37C4058B1EE7A70200D3BA92 /* AnimationCircleController.m */ = {isa = PBXFileReference; fileEncoding = 4; lastKnownFileType = sourcecode.c.objc; path = AnimationCircleController.m; sourceTree = "<group>"; };
		37C4058C1EE7A70200D3BA92 /* AnimationCircleController.xib */ = {isa = PBXFileReference; fileEncoding = 4; lastKnownFileType = file.xib; path = AnimationCircleController.xib; sourceTree = "<group>"; };
		37C405951EE80BAA00D3BA92 /* CircleView.h */ = {isa = PBXFileReference; fileEncoding = 4; lastKnownFileType = sourcecode.c.h; path = CircleView.h; sourceTree = "<group>"; };
		37C405961EE80BAA00D3BA92 /* CircleView.m */ = {isa = PBXFileReference; fileEncoding = 4; lastKnownFileType = sourcecode.c.objc; path = CircleView.m; sourceTree = "<group>"; };
		37C405981EE80DBF00D3BA92 /* CircleLayer.h */ = {isa = PBXFileReference; fileEncoding = 4; lastKnownFileType = sourcecode.c.h; path = CircleLayer.h; sourceTree = "<group>"; };
		37C405991EE80DBF00D3BA92 /* CircleLayer.m */ = {isa = PBXFileReference; fileEncoding = 4; lastKnownFileType = sourcecode.c.objc; path = CircleLayer.m; sourceTree = "<group>"; };
		8412180A1EED20740063ABBA /* QQCuteViewController.h */ = {isa = PBXFileReference; fileEncoding = 4; lastKnownFileType = sourcecode.c.h; path = QQCuteViewController.h; sourceTree = "<group>"; };
		8412180B1EED20740063ABBA /* QQCuteViewController.m */ = {isa = PBXFileReference; fileEncoding = 4; lastKnownFileType = sourcecode.c.objc; path = QQCuteViewController.m; sourceTree = "<group>"; };
		8412180D1EED20AF0063ABBA /* QQCuteView.h */ = {isa = PBXFileReference; fileEncoding = 4; lastKnownFileType = sourcecode.c.h; path = QQCuteView.h; sourceTree = "<group>"; };
		8412180E1EED20AF0063ABBA /* QQCuteView.m */ = {isa = PBXFileReference; fileEncoding = 4; lastKnownFileType = sourcecode.c.objc; path = QQCuteView.m; sourceTree = "<group>"; };
		84760E711EEBC9B000C86967 /* GooeySlideMenuController.h */ = {isa = PBXFileReference; fileEncoding = 4; lastKnownFileType = sourcecode.c.h; path = GooeySlideMenuController.h; sourceTree = "<group>"; };
		84760E721EEBC9B000C86967 /* GooeySlideMenuController.m */ = {isa = PBXFileReference; fileEncoding = 4; lastKnownFileType = sourcecode.c.objc; path = GooeySlideMenuController.m; sourceTree = "<group>"; };
		84760E731EEBC9B000C86967 /* GooeySlideMenuController.xib */ = {isa = PBXFileReference; fileEncoding = 4; lastKnownFileType = file.xib; path = GooeySlideMenuController.xib; sourceTree = "<group>"; };
		84760E761EEBCC7C00C86967 /* GooeySlideMenu.h */ = {isa = PBXFileReference; fileEncoding = 4; lastKnownFileType = sourcecode.c.h; path = GooeySlideMenu.h; sourceTree = "<group>"; };
		84760E771EEBCC7C00C86967 /* GooeySlideMenu.m */ = {isa = PBXFileReference; fileEncoding = 4; lastKnownFileType = sourcecode.c.objc; path = GooeySlideMenu.m; sourceTree = "<group>"; };
		84760E791EEBCC9800C86967 /* SlideMenuButton.h */ = {isa = PBXFileReference; fileEncoding = 4; lastKnownFileType = sourcecode.c.h; path = SlideMenuButton.h; sourceTree = "<group>"; };
		84760E7A1EEBCC9800C86967 /* SlideMenuButton.m */ = {isa = PBXFileReference; fileEncoding = 4; lastKnownFileType = sourcecode.c.objc; path = SlideMenuButton.m; sourceTree = "<group>"; };
		8478ACB71EF171ED008C2719 /* LaunchFlashController.h */ = {isa = PBXFileReference; fileEncoding = 4; lastKnownFileType = sourcecode.c.h; path = LaunchFlashController.h; sourceTree = "<group>"; };
		8478ACB81EF171ED008C2719 /* LaunchFlashController.m */ = {isa = PBXFileReference; fileEncoding = 4; lastKnownFileType = sourcecode.c.objc; path = LaunchFlashController.m; sourceTree = "<group>"; };
		8478ACB91EF171ED008C2719 /* LaunchFlashController.xib */ = {isa = PBXFileReference; fileEncoding = 4; lastKnownFileType = file.xib; path = LaunchFlashController.xib; sourceTree = "<group>"; };
/* End PBXFileReference section */

/* Begin PBXFrameworksBuildPhase section */
		37C405661EE79A5F00D3BA92 /* Frameworks */ = {
			isa = PBXFrameworksBuildPhase;
			buildActionMask = 2147483647;
			files = (
			);
			runOnlyForDeploymentPostprocessing = 0;
		};
/* End PBXFrameworksBuildPhase section */

/* Begin PBXGroup section */
		37C405601EE79A5F00D3BA92 = {
			isa = PBXGroup;
			children = (
				37C4056B1EE79A5F00D3BA92 /* Animation */,
				37C4056A1EE79A5F00D3BA92 /* Products */,
			);
			sourceTree = "<group>";
		};
		37C4056A1EE79A5F00D3BA92 /* Products */ = {
			isa = PBXGroup;
			children = (
				37C405691EE79A5F00D3BA92 /* Animation.app */,
			);
			name = Products;
			sourceTree = "<group>";
		};
		37C4056B1EE79A5F00D3BA92 /* Animation */ = {
			isa = PBXGroup;
			children = (
				37C405831EE79F8100D3BA92 /* AnimationStyles */,
				37C4056F1EE79A5F00D3BA92 /* AppDelegate.h */,
				37C405701EE79A5F00D3BA92 /* AppDelegate.m */,
				37C405721EE79A5F00D3BA92 /* ViewController.h */,
				37C405731EE79A5F00D3BA92 /* ViewController.m */,
				37C405751EE79A6000D3BA92 /* Main.storyboard */,
				37C405781EE79A6000D3BA92 /* Assets.xcassets */,
				37C4057A1EE79A6000D3BA92 /* LaunchScreen.storyboard */,
				37C4057D1EE79A6000D3BA92 /* Info.plist */,
				37C4056C1EE79A5F00D3BA92 /* Supporting Files */,
			);
			path = Animation;
			sourceTree = "<group>";
		};
		37C4056C1EE79A5F00D3BA92 /* Supporting Files */ = {
			isa = PBXGroup;
			children = (
				37C4056D1EE79A5F00D3BA92 /* main.m */,
			);
			name = "Supporting Files";
			sourceTree = "<group>";
		};
		37C405831EE79F8100D3BA92 /* AnimationStyles */ = {
			isa = PBXGroup;
			children = (
				8478ACB61EF16E5F008C2719 /* LaunchFlashDemo */,
				841218071EED20360063ABBA /* QQCuteDemo */,
				84760E6B1EEBC90D00C86967 /* GooeySlideMenuDemo */,
				37C405841EE7A06900D3BA92 /* AnimatedCircleDemo */,
			);
			path = AnimationStyles;
			sourceTree = "<group>";
		};
		37C405841EE7A06900D3BA92 /* AnimatedCircleDemo */ = {
			isa = PBXGroup;
			children = (
				37C405891EE7A6F000D3BA92 /* VC */,
				37C405851EE7A06900D3BA92 /* View */,
			);
			path = AnimatedCircleDemo;
			sourceTree = "<group>";
		};
		37C405851EE7A06900D3BA92 /* View */ = {
			isa = PBXGroup;
			children = (
				37C405951EE80BAA00D3BA92 /* CircleView.h */,
				37C405961EE80BAA00D3BA92 /* CircleView.m */,
				37C405981EE80DBF00D3BA92 /* CircleLayer.h */,
				37C405991EE80DBF00D3BA92 /* CircleLayer.m */,
			);
			path = View;
			sourceTree = "<group>";
		};
		37C405891EE7A6F000D3BA92 /* VC */ = {
			isa = PBXGroup;
			children = (
				37C4058A1EE7A70200D3BA92 /* AnimationCircleController.h */,
				37C4058B1EE7A70200D3BA92 /* AnimationCircleController.m */,
				37C4058C1EE7A70200D3BA92 /* AnimationCircleController.xib */,
			);
			path = VC;
			sourceTree = "<group>";
		};
		841218071EED20360063ABBA /* QQCuteDemo */ = {
			isa = PBXGroup;
			children = (
				841218081EED20360063ABBA /* VC */,
				841218091EED20360063ABBA /* View */,
			);
			path = QQCuteDemo;
			sourceTree = "<group>";
		};
		841218081EED20360063ABBA /* VC */ = {
			isa = PBXGroup;
			children = (
				8412180A1EED20740063ABBA /* QQCuteViewController.h */,
				8412180B1EED20740063ABBA /* QQCuteViewController.m */,
			);
			path = VC;
			sourceTree = "<group>";
		};
		841218091EED20360063ABBA /* View */ = {
			isa = PBXGroup;
			children = (
				8412180D1EED20AF0063ABBA /* QQCuteView.h */,
				8412180E1EED20AF0063ABBA /* QQCuteView.m */,
			);
			path = View;
			sourceTree = "<group>";
		};
		84760E6B1EEBC90D00C86967 /* GooeySlideMenuDemo */ = {
			isa = PBXGroup;
			children = (
				84760E6C1EEBC90D00C86967 /* VC */,
				84760E6D1EEBC90D00C86967 /* View */,
			);
			path = GooeySlideMenuDemo;
			sourceTree = "<group>";
		};
		84760E6C1EEBC90D00C86967 /* VC */ = {
			isa = PBXGroup;
			children = (
				84760E711EEBC9B000C86967 /* GooeySlideMenuController.h */,
				84760E721EEBC9B000C86967 /* GooeySlideMenuController.m */,
				84760E731EEBC9B000C86967 /* GooeySlideMenuController.xib */,
			);
			path = VC;
			sourceTree = "<group>";
		};
		84760E6D1EEBC90D00C86967 /* View */ = {
			isa = PBXGroup;
			children = (
				84760E761EEBCC7C00C86967 /* GooeySlideMenu.h */,
				84760E771EEBCC7C00C86967 /* GooeySlideMenu.m */,
				84760E791EEBCC9800C86967 /* SlideMenuButton.h */,
				84760E7A1EEBCC9800C86967 /* SlideMenuButton.m */,
			);
			path = View;
			sourceTree = "<group>";
		};
		8478ACB61EF16E5F008C2719 /* LaunchFlashDemo */ = {
			isa = PBXGroup;
			children = (
				8478ACB71EF171ED008C2719 /* LaunchFlashController.h */,
				8478ACB81EF171ED008C2719 /* LaunchFlashController.m */,
				8478ACB91EF171ED008C2719 /* LaunchFlashController.xib */,
			);
			path = LaunchFlashDemo;
			sourceTree = "<group>";
		};
/* End PBXGroup section */

/* Begin PBXNativeTarget section */
		37C405681EE79A5F00D3BA92 /* Animation */ = {
			isa = PBXNativeTarget;
			buildConfigurationList = 37C405801EE79A6000D3BA92 /* Build configuration list for PBXNativeTarget "Animation" */;
			buildPhases = (
				37C405651EE79A5F00D3BA92 /* Sources */,
				37C405661EE79A5F00D3BA92 /* Frameworks */,
				37C405671EE79A5F00D3BA92 /* Resources */,
			);
			buildRules = (
			);
			dependencies = (
			);
			name = Animation;
			productName = Animation;
			productReference = 37C405691EE79A5F00D3BA92 /* Animation.app */;
			productType = "com.apple.product-type.application";
		};
/* End PBXNativeTarget section */

/* Begin PBXProject section */
		37C405611EE79A5F00D3BA92 /* Project object */ = {
			isa = PBXProject;
			attributes = {
				LastUpgradeCheck = 0820;
				ORGANIZATIONNAME = hyfsoft;
				TargetAttributes = {
					37C405681EE79A5F00D3BA92 = {
						CreatedOnToolsVersion = 8.2.1;
						DevelopmentTeam = FH3L833Z7U;
						ProvisioningStyle = Automatic;
					};
				};
			};
			buildConfigurationList = 37C405641EE79A5F00D3BA92 /* Build configuration list for PBXProject "Animation" */;
			compatibilityVersion = "Xcode 3.2";
			developmentRegion = English;
			hasScannedForEncodings = 0;
			knownRegions = (
				en,
				Base,
			);
			mainGroup = 37C405601EE79A5F00D3BA92;
			productRefGroup = 37C4056A1EE79A5F00D3BA92 /* Products */;
			projectDirPath = "";
			projectRoot = "";
			targets = (
				37C405681EE79A5F00D3BA92 /* Animation */,
			);
		};
/* End PBXProject section */

/* Begin PBXResourcesBuildPhase section */
		37C405671EE79A5F00D3BA92 /* Resources */ = {
			isa = PBXResourcesBuildPhase;
			buildActionMask = 2147483647;
			files = (
				37C4058E1EE7A70200D3BA92 /* AnimationCircleController.xib in Resources */,
				37C4057C1EE79A6000D3BA92 /* LaunchScreen.storyboard in Resources */,
				37C405791EE79A6000D3BA92 /* Assets.xcassets in Resources */,
				37C405771EE79A6000D3BA92 /* Main.storyboard in Resources */,
				84760E751EEBC9B000C86967 /* GooeySlideMenuController.xib in Resources */,
				8478ACBB1EF171ED008C2719 /* LaunchFlashController.xib in Resources */,
			);
			runOnlyForDeploymentPostprocessing = 0;
		};
/* End PBXResourcesBuildPhase section */

/* Begin PBXSourcesBuildPhase section */
		37C405651EE79A5F00D3BA92 /* Sources */ = {
			isa = PBXSourcesBuildPhase;
			buildActionMask = 2147483647;
			files = (
				37C4058D1EE7A70200D3BA92 /* AnimationCircleController.m in Sources */,
				8412180F1EED20AF0063ABBA /* QQCuteView.m in Sources */,
				37C405971EE80BAA00D3BA92 /* CircleView.m in Sources */,
				8478ACBA1EF171ED008C2719 /* LaunchFlashController.m in Sources */,
				84760E741EEBC9B000C86967 /* GooeySlideMenuController.m in Sources */,
				84760E7B1EEBCC9800C86967 /* SlideMenuButton.m in Sources */,
				37C405741EE79A5F00D3BA92 /* ViewController.m in Sources */,
				84760E781EEBCC7C00C86967 /* GooeySlideMenu.m in Sources */,
				37C4059A1EE80DBF00D3BA92 /* CircleLayer.m in Sources */,
				8412180C1EED20740063ABBA /* QQCuteViewController.m in Sources */,
				37C405711EE79A5F00D3BA92 /* AppDelegate.m in Sources */,
				37C4056E1EE79A5F00D3BA92 /* main.m in Sources */,
			);
			runOnlyForDeploymentPostprocessing = 0;
		};
/* End PBXSourcesBuildPhase section */

/* Begin PBXVariantGroup section */
		37C405751EE79A6000D3BA92 /* Main.storyboard */ = {
			isa = PBXVariantGroup;
			children = (
				37C405761EE79A6000D3BA92 /* Base */,
			);
			name = Main.storyboard;
			sourceTree = "<group>";
		};
		37C4057A1EE79A6000D3BA92 /* LaunchScreen.storyboard */ = {
			isa = PBXVariantGroup;
			children = (
				37C4057B1EE79A6000D3BA92 /* Base */,
			);
			name = LaunchScreen.storyboard;
			sourceTree = "<group>";
		};
/* End PBXVariantGroup section */

/* Begin XCBuildConfiguration section */
		37C4057E1EE79A6000D3BA92 /* Debug */ = {
			isa = XCBuildConfiguration;
			buildSettings = {
				ALWAYS_SEARCH_USER_PATHS = NO;
				CLANG_ANALYZER_NONNULL = YES;
				CLANG_CXX_LANGUAGE_STANDARD = "gnu++0x";
				CLANG_CXX_LIBRARY = "libc++";
				CLANG_ENABLE_MODULES = YES;
				CLANG_ENABLE_OBJC_ARC = YES;
				CLANG_WARN_BOOL_CONVERSION = YES;
				CLANG_WARN_CONSTANT_CONVERSION = YES;
				CLANG_WARN_DIRECT_OBJC_ISA_USAGE = YES_ERROR;
				CLANG_WARN_DOCUMENTATION_COMMENTS = YES;
				CLANG_WARN_EMPTY_BODY = YES;
				CLANG_WARN_ENUM_CONVERSION = YES;
				CLANG_WARN_INFINITE_RECURSION = YES;
				CLANG_WARN_INT_CONVERSION = YES;
				CLANG_WARN_OBJC_ROOT_CLASS = YES_ERROR;
				CLANG_WARN_SUSPICIOUS_MOVE = YES;
				CLANG_WARN_UNREACHABLE_CODE = YES;
				CLANG_WARN__DUPLICATE_METHOD_MATCH = YES;
				"CODE_SIGN_IDENTITY[sdk=iphoneos*]" = "iPhone Developer";
				COPY_PHASE_STRIP = NO;
				DEBUG_INFORMATION_FORMAT = dwarf;
				ENABLE_STRICT_OBJC_MSGSEND = YES;
				ENABLE_TESTABILITY = YES;
				GCC_C_LANGUAGE_STANDARD = gnu99;
				GCC_DYNAMIC_NO_PIC = NO;
				GCC_NO_COMMON_BLOCKS = YES;
				GCC_OPTIMIZATION_LEVEL = 0;
				GCC_PREPROCESSOR_DEFINITIONS = (
					"DEBUG=1",
					"$(inherited)",
				);
				GCC_WARN_64_TO_32_BIT_CONVERSION = YES;
				GCC_WARN_ABOUT_RETURN_TYPE = YES_ERROR;
				GCC_WARN_UNDECLARED_SELECTOR = YES;
				GCC_WARN_UNINITIALIZED_AUTOS = YES_AGGRESSIVE;
				GCC_WARN_UNUSED_FUNCTION = YES;
				GCC_WARN_UNUSED_VARIABLE = YES;
				IPHONEOS_DEPLOYMENT_TARGET = 10.2;
				MTL_ENABLE_DEBUG_INFO = YES;
				ONLY_ACTIVE_ARCH = YES;
				SDKROOT = iphoneos;
			};
			name = Debug;
		};
		37C4057F1EE79A6000D3BA92 /* Release */ = {
			isa = XCBuildConfiguration;
			buildSettings = {
				ALWAYS_SEARCH_USER_PATHS = NO;
				CLANG_ANALYZER_NONNULL = YES;
				CLANG_CXX_LANGUAGE_STANDARD = "gnu++0x";
				CLANG_CXX_LIBRARY = "libc++";
				CLANG_ENABLE_MODULES = YES;
				CLANG_ENABLE_OBJC_ARC = YES;
				CLANG_WARN_BOOL_CONVERSION = YES;
				CLANG_WARN_CONSTANT_CONVERSION = YES;
				CLANG_WARN_DIRECT_OBJC_ISA_USAGE = YES_ERROR;
				CLANG_WARN_DOCUMENTATION_COMMENTS = YES;
				CLANG_WARN_EMPTY_BODY = YES;
				CLANG_WARN_ENUM_CONVERSION = YES;
				CLANG_WARN_INFINITE_RECURSION = YES;
				CLANG_WARN_INT_CONVERSION = YES;
				CLANG_WARN_OBJC_ROOT_CLASS = YES_ERROR;
				CLANG_WARN_SUSPICIOUS_MOVE = YES;
				CLANG_WARN_UNREACHABLE_CODE = YES;
				CLANG_WARN__DUPLICATE_METHOD_MATCH = YES;
				"CODE_SIGN_IDENTITY[sdk=iphoneos*]" = "iPhone Developer";
				COPY_PHASE_STRIP = NO;
				DEBUG_INFORMATION_FORMAT = "dwarf-with-dsym";
				ENABLE_NS_ASSERTIONS = NO;
				ENABLE_STRICT_OBJC_MSGSEND = YES;
				GCC_C_LANGUAGE_STANDARD = gnu99;
				GCC_NO_COMMON_BLOCKS = YES;
				GCC_WARN_64_TO_32_BIT_CONVERSION = YES;
				GCC_WARN_ABOUT_RETURN_TYPE = YES_ERROR;
				GCC_WARN_UNDECLARED_SELECTOR = YES;
				GCC_WARN_UNINITIALIZED_AUTOS = YES_AGGRESSIVE;
				GCC_WARN_UNUSED_FUNCTION = YES;
				GCC_WARN_UNUSED_VARIABLE = YES;
				IPHONEOS_DEPLOYMENT_TARGET = 10.2;
				MTL_ENABLE_DEBUG_INFO = NO;
				SDKROOT = iphoneos;
				VALIDATE_PRODUCT = YES;
			};
			name = Release;
		};
		37C405811EE79A6000D3BA92 /* Debug */ = {
			isa = XCBuildConfiguration;
			buildSettings = {
				ASSETCATALOG_COMPILER_APPICON_NAME = AppIcon;
				DEVELOPMENT_TEAM = FH3L833Z7U;
				INFOPLIST_FILE = Animation/Info.plist;
				IPHONEOS_DEPLOYMENT_TARGET = 10.0;
				LD_RUNPATH_SEARCH_PATHS = "$(inherited) @executable_path/Frameworks";
				PRODUCT_BUNDLE_IDENTIFIER = rtgrtgrgrhrth.com.Animation;
				PRODUCT_NAME = "$(TARGET_NAME)";
			};
			name = Debug;
		};
		37C405821EE79A6000D3BA92 /* Release */ = {
			isa = XCBuildConfiguration;
			buildSettings = {
				ASSETCATALOG_COMPILER_APPICON_NAME = AppIcon;
				DEVELOPMENT_TEAM = FH3L833Z7U;
				INFOPLIST_FILE = Animation/Info.plist;
				IPHONEOS_DEPLOYMENT_TARGET = 10.0;
				LD_RUNPATH_SEARCH_PATHS = "$(inherited) @executable_path/Frameworks";
				PRODUCT_BUNDLE_IDENTIFIER = rtgrtgrgrhrth.com.Animation;
				PRODUCT_NAME = "$(TARGET_NAME)";
			};
			name = Release;
		};
/* End XCBuildConfiguration section */

/* Begin XCConfigurationList section */
		37C405641EE79A5F00D3BA92 /* Build configuration list for PBXProject "Animation" */ = {
			isa = XCConfigurationList;
			buildConfigurations = (
				37C4057E1EE79A6000D3BA92 /* Debug */,
				37C4057F1EE79A6000D3BA92 /* Release */,
			);
			defaultConfigurationIsVisible = 0;
			defaultConfigurationName = Release;
		};
		37C405801EE79A6000D3BA92 /* Build configuration list for PBXNativeTarget "Animation" */ = {
			isa = XCConfigurationList;
			buildConfigurations = (
				37C405811EE79A6000D3BA92 /* Debug */,
				37C405821EE79A6000D3BA92 /* Release */,
			);
			defaultConfigurationIsVisible = 0;
			defaultConfigurationName = Release;
		};
/* End XCConfigurationList section */
	};
	rootObject = 37C405611EE79A5F00D3BA92 /* Project object */;
}
